
Microsoft Visual Studio Solution File, Format Version 12.00
# Visual Studio Version 17
VisualStudioVersion = 17.9.34728.123
MinimumVisualStudioVersion = 10.0.40219.1
Project("{FAE04EC0-301F-11D3-BF4B-00C04F79EFBC}") = "SignalRCon", "SignalRCon.csproj", "{F209DEA0-DF41-4CFA-9EC8-6371B824B756}"
EndProject
Global
	GlobalSection(SolutionConfigurationPlatforms) = preSolution
		Debug|Any CPU = Debug|Any CPU
		Release|Any CPU = Release|Any CPU
	EndGlobalSection
	GlobalSection(ProjectConfigurationPlatforms) = postSolution
		{F209DEA0-DF41-4CFA-9EC8-6371B824B756}.Debug|Any CPU.ActiveCfg = Debug|Any CPU
		{F209DEA0-DF41-4CFA-9EC8-6371B824B756}.Debug|Any CPU.Build.0 = Debug|Any CPU
		{F209DEA0-DF41-4CFA-9EC8-6371B824B756}.Release|Any CPU.ActiveCfg = Release|Any CPU
		{F209DEA0-DF41-4CFA-9EC8-6371B824B756}.Release|Any CPU.Build.0 = Release|Any CPU
	EndGlobalSection
	GlobalSection(SolutionProperties) = preSolution
		HideSolutionNode = FALSE
	EndGlobalSection
	GlobalSection(ExtensibilityGlobals) = postSolution
		SolutionGuid = {F8CEFBEC-7882-4D9A-86C6-43BB954084B4}
	EndGlobalSection
EndGlobal
