
Microsoft Visual Studio Solution File, Format Version 12.00
# Visual Studio Version 17
VisualStudioVersion = 17.9.34728.123
MinimumVisualStudioVersion = 10.0.40219.1
Project("{9A19103F-16F7-4668-BE54-9A1E7A4F7556}") = "ManageBlobEvents", "ManageBlobEvents\ManageBlobEvents.csproj", "{D568C383-1219-4B1C-8B17-0B929F8CCD77}"
EndProject
Project("{9A19103F-16F7-4668-BE54-9A1E7A4F7556}") = "SignalRCon", "SignalRCon\SignalRCon.csproj", "{EF6172F2-E13A-4662-8C62-AB3EADB33A95}"
EndProject
Global
	GlobalSection(SolutionConfigurationPlatforms) = preSolution
		Debug|Any CPU = Debug|Any CPU
		Release|Any CPU = Release|Any CPU
	EndGlobalSection
	GlobalSection(ProjectConfigurationPlatforms) = postSolution
		{D568C383-1219-4B1C-8B17-0B929F8CCD77}.Debug|Any CPU.ActiveCfg = Debug|Any CPU
		{D568C383-1219-4B1C-8B17-0B929F8CCD77}.Debug|Any CPU.Build.0 = Debug|Any CPU
		{D568C383-1219-4B1C-8B17-0B929F8CCD77}.Release|Any CPU.ActiveCfg = Release|Any CPU
		{D568C383-1219-4B1C-8B17-0B929F8CCD77}.Release|Any CPU.Build.0 = Release|Any CPU
		{EF6172F2-E13A-4662-8C62-AB3EADB33A95}.Debug|Any CPU.ActiveCfg = Debug|Any CPU
		{EF6172F2-E13A-4662-8C62-AB3EADB33A95}.Debug|Any CPU.Build.0 = Debug|Any CPU
		{EF6172F2-E13A-4662-8C62-AB3EADB33A95}.Release|Any CPU.ActiveCfg = Release|Any CPU
		{EF6172F2-E13A-4662-8C62-AB3EADB33A95}.Release|Any CPU.Build.0 = Release|Any CPU
	EndGlobalSection
	GlobalSection(SolutionProperties) = preSolution
		HideSolutionNode = FALSE
	EndGlobalSection
	GlobalSection(ExtensibilityGlobals) = postSolution
		SolutionGuid = {55019E12-9B36-4ED3-8CCB-335B76877549}
	EndGlobalSection
EndGlobal
